{
  "lockfileVersion": 1,
  "workspaces": {
    "": {
      "name": "@pathscale/wss-adapter",
      "devDependencies": {
        "typescript": "^4.5.5",
      },
    },
  },
  "packages": {
    "typescript": ["typescript@4.5.5", "", { "bin": { "tsc": "bin/tsc", "tsserver": "bin/tsserver" } }, "sha512-TCTIul70LyWe6IJWT8QSYeA54WQe8EjQFU4wY52Fasj5UKx88LNYKCgBEHcOMOrFF1rKGbD8v/xcNWVUq9SymA=="],
  }
}
